<?xml version="1.0" encoding="UTF-8" standalone="yes" ?>
<CodeBlocks_project_file>
	<FileVersion major="1" minor="6" />
	<Project>
		<Option title="tls" />
		<Option pch_mode="2" />
		<Option compiler="gcc" />
		<Option show_notes="0">
			<notes>
				<![CDATA[A Test environment to debug.]]>
			</notes>
		</Option>
		<Build>
			<Target title="Debug">
				<Option output="bin/qjs-debug" prefix_auto="1" extension_auto="1" />
				<Option object_output="obj/linux/Debug/" />
				<Option type="1" />
				<Option compiler="gcc" />
				<Option parameters="./examples/main.js" />
				<Compiler>
					<Add option="-Weffc++" />
					<Add option="-w" />
					<Add option="-Og" />
					<Add option="-g" />
					<Add option="-Wno-unused-parameter" />
					<Add option="-DUSING_UV_SHARED" />
					<Add option="-DJS_STATIC_LIBRARY" />
					<Add option="-DSQLITE_THREADSAFE=0" />
					<Add option="-DSQLITE_OMIT_LOAD_EXTENSION=1" />
					<Add option="-DSQLITE_OMIT_AUTHORIZATION=1" />
					<Add option="-DSQLITE_OMIT_ANALYZE=1" />
					<Add option="-DSQLITE_OMIT_JSON=1" />
					<Add option="-DSQLITE_OMIT_SHARED_CACHE=1" />
					<Add option="-DSQLITE_OMIT_WAL=1" />
					<Add option="-DDEBUG=1" />
					<Add option="-DDUMP_LEAKS" />
					<Add directory="include" />
					<Add directory="include/imgui" />
					<Add directory="src/sqlite" />
				</Compiler>
				<Linker>
					<Add library="X11" />
					<Add library="GL" />
					<Add directory="bin" />
				</Linker>
			</Target>
			<Target title="Release">
				<Option output="bin/qjs" prefix_auto="1" extension_auto="1" />
				<Option object_output="obj/linux/Release/" />
				<Option external_deps="bin/libquickjs.so;bin/libuv.so;" />
				<Option type="1" />
				<Option compiler="gcc" />
				<Option parameters="./examples/main.js" />
				<Compiler>
					<Add option="-flto" />
					<Add option="-O3" />
					<Add option="-Winit-self" />
					<Add option="-Weffc++" />
					<Add option="-w" />
					<Add option="-fPIC" />
					<Add option="-march=native" />
					<Add option="-g0" />
					<Add option="-DUSING_UV_SHARED" />
					<Add option="-DJS_STATIC_LIBRARY" />
					<Add directory="include" />
				</Compiler>
				<Linker>
					<Add option="-O3" />
					<Add option="-flto" />
					<Add option="-s" />
					<Add option="-march=native" />
					<Add library="quickjs" />
					<Add library="uv" />
					<Add library="X11" />
					<Add library="GL" />
					<Add directory="bin" />
				</Linker>
			</Target>
			<Target title="libuv">
				<Option output="bin/uv" imp_lib="$(TARGET_OUTPUT_DIR)bin/$(TARGET_OUTPUT_BASENAME).a" def_file="$(TARGET_OUTPUT_DIR)bin/$(TARGET_OUTPUT_BASENAME).def" prefix_auto="1" extension_auto="1" />
				<Option object_output="obj/linux/libuv/" />
				<Option type="3" />
				<Option compiler="gcc" />
				<Option createDefFile="1" />
				<Option createStaticLib="1" />
				<Compiler>
					<Add option="-flto" />
					<Add option="-O3" />
					<Add option="-std=c11" />
					<Add option="-fPIC" />
					<Add option="-m64" />
					<Add option="-march=native" />
					<Add option="-g0" />
					<Add option="-DBUILDING_UV_SHARED" />
				</Compiler>
				<Linker>
					<Add option="-O3" />
					<Add option="-flto" />
					<Add option="-s" />
					<Add option="-static-libgcc" />
					<Add option="-m64" />
					<Add library="util" />
					<Add library="dl" />
					<Add library="rt" />
				</Linker>
			</Target>
			<Target title="libquickjs">
				<Option output="bin/quickjs" imp_lib="$(TARGET_OUTPUT_DIR)bin/$(TARGET_OUTPUT_BASENAME).a" def_file="$(TARGET_OUTPUT_DIRbin/$(TARGET_OUTPUT_BASENAME).def" prefix_auto="1" extension_auto="1" />
				<Option object_output="obj/linux/libquickjs/" />
				<Option type="3" />
				<Option compiler="gcc" />
				<Option createDefFile="1" />
				<Option createStaticLib="1" />
				<Compiler>
					<Add option="-flto" />
					<Add option="-O3" />
					<Add option="-Weffc++" />
					<Add option="-w" />
					<Add option="-Wextra" />
					<Add option="-fPIC" />
					<Add option="-m64" />
					<Add option="-march=native" />
					<Add option="-g0" />
					<Add option="-Wno-unused-parameter" />
					<Add option="-DUSING_UV_SHARED" />
					<Add option="-DJS_SHARED_LIBRARY" />
					<Add option="-DDUMP_LEAKS" />
				</Compiler>
				<Linker>
					<Add option="-O3" />
					<Add option="-flto" />
					<Add option="-s" />
					<Add option="-static-libgcc" />
					<Add option="-m64" />
					<Add library="uv" />
					<Add directory="bin" />
				</Linker>
			</Target>
			<Target title="libsqlite">
				<Option output="bin/sqlite" imp_lib="$(TARGET_OUTPUT_DIR)bin/$(TARGET_OUTPUT_BASENAME).a" def_file="$(TARGET_OUTPUT_DIR)bin/$(TARGET_OUTPUT_BASENAME).def" prefix_auto="1" extension_auto="1" />
				<Option object_output="obj/linux/libsqlite/" />
				<Option type="3" />
				<Option compiler="gcc" />
				<Option createDefFile="1" />
				<Option createStaticLib="1" />
				<Compiler>
					<Add option="-flto" />
					<Add option="-O3" />
					<Add option="-std=c11" />
					<Add option="-fPIC" />
					<Add option="-m64" />
					<Add option="-march=native" />
					<Add option="-g0" />
					<Add option="-DSQLITE_THREADSAFE=0" />
					<Add option="-DSQLITE_OMIT_LOAD_EXTENSION=1" />
					<Add option="-DSQLITE_OMIT_AUTHORIZATION=1" />
					<Add option="-DSQLITE_OMIT_ANALYZE=1" />
					<Add option="-DSQLITE_OMIT_JSON=1" />
					<Add option="-DSQLITE_OMIT_SHARED_CACHE=1" />
					<Add option="-DSQLITE_OMIT_WAL=1" />
					<Add directory="src/sqlite" />
				</Compiler>
				<Linker>
					<Add option="-O3" />
					<Add option="-flto" />
					<Add option="-s" />
					<Add option="-static-libgcc" />
					<Add option="-m64" />
					<Add library="util" />
					<Add library="dl" />
					<Add library="rt" />
				</Linker>
			</Target>
			<Target title="mod_uv">
				<Option output="bin/libmod_uv.so" imp_lib="$(TARGET_OUTPUT_DIR)bin/$(TARGET_OUTPUT_BASENAME).a" def_file="$(TARGET_OUTPUT_DIR)bin/$(TARGET_OUTPUT_BASENAME).def" prefix_auto="0" extension_auto="0" />
				<Option object_output="obj/linux/mod_uv/" />
				<Option type="3" />
				<Option compiler="gcc" />
				<Compiler>
					<Add option="-flto" />
					<Add option="-O3" />
					<Add option="-Weffc++" />
					<Add option="-w" />
					<Add option="-Wextra" />
					<Add option="-fPIC" />
					<Add option="-m64" />
					<Add option="-march=native" />
					<Add option="-g0" />
					<Add option="-Wno-unused-parameter" />
					<Add option="-DUSING_UV_SHARED" />
					<Add option="-DJS_SHARED_LIBRARY" />
					<Add directory="include" />
				</Compiler>
				<Linker>
					<Add option="-O3" />
					<Add option="-flto" />
					<Add option="-s" />
					<Add option="-static-libgcc" />
					<Add option="-m64" />
					<Add library="uv" />
					<Add library="quickjs" />
					<Add directory="bin" />
				</Linker>
			</Target>
			<Target title="mod_sqlite">
				<Option output="bin/libmod_sqlite.so" imp_lib="$(TARGET_OUTPUT_DIR)bin/$(TARGET_OUTPUT_BASENAME).a" def_file="$(TARGET_OUTPUT_DIR)bin/$(TARGET_OUTPUT_BASENAME).def" prefix_auto="0" extension_auto="0" />
				<Option object_output="obj/linux/mod_sqlite/" />
				<Option type="3" />
				<Option compiler="gcc" />
				<Compiler>
					<Add option="-flto" />
					<Add option="-O3" />
					<Add option="-Weffc++" />
					<Add option="-w" />
					<Add option="-Wextra" />
					<Add option="-fPIC" />
					<Add option="-m64" />
					<Add option="-march=native" />
					<Add option="-g0" />
					<Add option="-Wno-unused-parameter" />
					<Add option="-DUSING_UV_SHARED" />
					<Add option="-DJS_SHARED_LIBRARY" />
					<Add option="-DTHREADSAFE=0" />
					<Add directory="include" />
					<Add directory="src/sqlite" />
				</Compiler>
				<Linker>
					<Add option="-O3" />
					<Add option="-flto" />
					<Add option="-s" />
					<Add option="-static-libgcc" />
					<Add option="-m64" />
					<Add library="sqlite" />
					<Add library="quickjs" />
					<Add directory="bin" />
				</Linker>
			</Target>
			<Target title="DebugCoreOnly">
				<Option output="bin/qjscore-debug" prefix_auto="1" extension_auto="1" />
				<Option object_output="obj/linux/DebugCore/" />
				<Option type="1" />
				<Option compiler="gcc" />
				<Option parameters="./examples/main.js" />
				<Compiler>
					<Add option="-Weffc++" />
					<Add option="-w" />
					<Add option="-Og" />
					<Add option="-g" />
					<Add option="-Wno-unused-parameter" />
					<Add option="-DUSING_UV_SHARED" />
					<Add option="-DJS_STATIC_LIBRARY" />
					<Add option="-DSQLITE_THREADSAFE=0" />
					<Add option="-DSQLITE_OMIT_LOAD_EXTENSION=1" />
					<Add option="-DSQLITE_OMIT_AUTHORIZATION=1" />
					<Add option="-DSQLITE_OMIT_ANALYZE=1" />
					<Add option="-DSQLITE_OMIT_JSON=1" />
					<Add option="-DSQLITE_OMIT_SHARED_CACHE=1" />
					<Add option="-DSQLITE_OMIT_WAL=1" />
					<Add option="-DDUMP_LEAKS" />
					<Add directory="include" />
					<Add directory="include/imgui" />
					<Add directory="src/sqlite" />
				</Compiler>
				<Linker>
					<Add library="X11" />
					<Add library="GL" />
					<Add directory="bin" />
				</Linker>
			</Target>
		</Build>
		<Compiler>
			<Add option="-Wshadow" />
			<Add option="-Wmain" />
			<Add option="-Wfatal-errors" />
			<Add option="-Wextra" />
			<Add option="-Wall" />
			<Add option="-m64" />
			<Add option="-fexceptions" />
			<Add option='-DCONFIG_VERSION=&quot;NEW&quot;' />
			<Add option="-DCONFIG_BIGNUM" />
			<Add option="-D_GNU_SOURCE" />
			<Add directory="include" />
		</Compiler>
		<Linker>
			<Add option="-m64" />
		</Linker>
		<Unit filename="include/CrossPlatform.h">
			<Option target="Debug" />
			<Option target="Release" />
			<Option target="libuv" />
			<Option target="libquickjs" />
			<Option target="mod_uv" />
			<Option target="mod_sqlite" />
			<Option target="DebugCoreOnly" />
		</Unit>
		<Unit filename="include/Log.hpp">
			<Option target="Debug" />
			<Option target="Release" />
			<Option target="DebugCoreOnly" />
		</Unit>
		<Unit filename="include/glcorearb.h">
			<Option target="Debug" />
			<Option target="Release" />
		</Unit>
		<Unit filename="include/imgui/imconfig.h">
			<Option target="Debug" />
			<Option target="Release" />
		</Unit>
		<Unit filename="include/imgui/imgui.h">
			<Option target="Debug" />
			<Option target="Release" />
		</Unit>
		<Unit filename="include/imgui/imgui_impl_my.h">
			<Option target="Debug" />
			<Option target="Release" />
		</Unit>
		<Unit filename="include/imgui/imgui_impl_opengl3.h">
			<Option target="Debug" />
			<Option target="Release" />
		</Unit>
		<Unit filename="include/imgui/imgui_internal.h">
			<Option target="Debug" />
			<Option target="Release" />
		</Unit>
		<Unit filename="include/imgui/imstb_rectpack.h">
			<Option target="Debug" />
			<Option target="Release" />
		</Unit>
		<Unit filename="include/imgui/imstb_textedit.h">
			<Option target="Debug" />
			<Option target="Release" />
		</Unit>
		<Unit filename="include/imgui/imstb_truetype.h">
			<Option target="Debug" />
			<Option target="Release" />
		</Unit>
		<Unit filename="include/quickjs/config.h">
			<Option target="Debug" />
			<Option target="Release" />
			<Option target="libquickjs" />
			<Option target="mod_uv" />
			<Option target="mod_sqlite" />
			<Option target="DebugCoreOnly" />
		</Unit>
		<Unit filename="include/quickjs/cutils.h">
			<Option target="Debug" />
			<Option target="Release" />
			<Option target="libquickjs" />
			<Option target="mod_uv" />
			<Option target="mod_sqlite" />
			<Option target="DebugCoreOnly" />
		</Unit>
		<Unit filename="include/quickjs/libbf.h">
			<Option target="Debug" />
			<Option target="Release" />
			<Option target="libquickjs" />
			<Option target="DebugCoreOnly" />
		</Unit>
		<Unit filename="include/quickjs/libregexp-opcode.h">
			<Option target="Debug" />
			<Option target="Release" />
			<Option target="libquickjs" />
			<Option target="DebugCoreOnly" />
		</Unit>
		<Unit filename="include/quickjs/libregexp.h">
			<Option target="Debug" />
			<Option target="Release" />
			<Option target="libquickjs" />
			<Option target="DebugCoreOnly" />
		</Unit>
		<Unit filename="include/quickjs/libunicode-table.h">
			<Option target="Debug" />
			<Option target="Release" />
			<Option target="libquickjs" />
			<Option target="DebugCoreOnly" />
		</Unit>
		<Unit filename="include/quickjs/libunicode.h">
			<Option target="Debug" />
			<Option target="Release" />
			<Option target="libquickjs" />
			<Option target="DebugCoreOnly" />
		</Unit>
		<Unit filename="include/quickjs/list.h">
			<Option target="Debug" />
			<Option target="Release" />
			<Option target="libquickjs" />
			<Option target="DebugCoreOnly" />
		</Unit>
		<Unit filename="include/quickjs/quickjs-atom.h">
			<Option target="Debug" />
			<Option target="Release" />
			<Option target="libquickjs" />
			<Option target="DebugCoreOnly" />
		</Unit>
		<Unit filename="include/quickjs/quickjs-libc.h">
			<Option target="Debug" />
			<Option target="Release" />
			<Option target="libquickjs" />
			<Option target="DebugCoreOnly" />
		</Unit>
		<Unit filename="include/quickjs/quickjs-opcode.h">
			<Option target="Debug" />
			<Option target="Release" />
			<Option target="libquickjs" />
			<Option target="DebugCoreOnly" />
		</Unit>
		<Unit filename="include/quickjs/quickjs.h">
			<Option target="Debug" />
			<Option target="Release" />
			<Option target="libquickjs" />
			<Option target="mod_uv" />
			<Option target="mod_sqlite" />
			<Option target="DebugCoreOnly" />
		</Unit>
		<Unit filename="include/string_view.hpp">
			<Option target="Debug" />
			<Option target="Release" />
			<Option target="DebugCoreOnly" />
		</Unit>
		<Unit filename="include/uv.h">
			<Option target="Debug" />
			<Option target="Release" />
			<Option target="libuv" />
			<Option target="libquickjs" />
			<Option target="mod_uv" />
			<Option target="mod_sqlite" />
			<Option target="DebugCoreOnly" />
		</Unit>
		<Unit filename="include/uv/aix.h">
			<Option target="Debug" />
			<Option target="Release" />
			<Option target="libuv" />
			<Option target="libquickjs" />
			<Option target="mod_uv" />
			<Option target="mod_sqlite" />
			<Option target="DebugCoreOnly" />
		</Unit>
		<Unit filename="include/uv/bsd.h">
			<Option target="Debug" />
			<Option target="Release" />
			<Option target="libuv" />
			<Option target="libquickjs" />
			<Option target="mod_uv" />
			<Option target="mod_sqlite" />
			<Option target="DebugCoreOnly" />
		</Unit>
		<Unit filename="include/uv/darwin.h">
			<Option target="Debug" />
			<Option target="Release" />
			<Option target="libuv" />
			<Option target="libquickjs" />
			<Option target="mod_uv" />
			<Option target="mod_sqlite" />
			<Option target="DebugCoreOnly" />
		</Unit>
		<Unit filename="include/uv/errno.h">
			<Option target="Debug" />
			<Option target="Release" />
			<Option target="libuv" />
			<Option target="libquickjs" />
			<Option target="mod_uv" />
			<Option target="mod_sqlite" />
			<Option target="DebugCoreOnly" />
		</Unit>
		<Unit filename="include/uv/linux.h">
			<Option target="Debug" />
			<Option target="Release" />
			<Option target="libuv" />
			<Option target="libquickjs" />
			<Option target="mod_uv" />
			<Option target="mod_sqlite" />
			<Option target="DebugCoreOnly" />
		</Unit>
		<Unit filename="include/uv/os390.h">
			<Option target="Debug" />
			<Option target="Release" />
			<Option target="libuv" />
			<Option target="libquickjs" />
			<Option target="mod_uv" />
			<Option target="mod_sqlite" />
			<Option target="DebugCoreOnly" />
		</Unit>
		<Unit filename="include/uv/posix.h">
			<Option target="Debug" />
			<Option target="Release" />
			<Option target="libuv" />
			<Option target="libquickjs" />
			<Option target="mod_uv" />
			<Option target="mod_sqlite" />
			<Option target="DebugCoreOnly" />
		</Unit>
		<Unit filename="include/uv/stdint-msvc2008.h">
			<Option target="Debug" />
			<Option target="Release" />
			<Option target="libuv" />
			<Option target="libquickjs" />
			<Option target="mod_uv" />
			<Option target="mod_sqlite" />
			<Option target="DebugCoreOnly" />
		</Unit>
		<Unit filename="include/uv/sunos.h">
			<Option target="Debug" />
			<Option target="Release" />
			<Option target="libuv" />
			<Option target="libquickjs" />
			<Option target="mod_uv" />
			<Option target="mod_sqlite" />
			<Option target="DebugCoreOnly" />
		</Unit>
		<Unit filename="include/uv/threadpool.h">
			<Option target="Debug" />
			<Option target="Release" />
			<Option target="libuv" />
			<Option target="libquickjs" />
			<Option target="mod_uv" />
			<Option target="mod_sqlite" />
			<Option target="DebugCoreOnly" />
		</Unit>
		<Unit filename="include/uv/tree.h">
			<Option target="Debug" />
			<Option target="Release" />
			<Option target="libuv" />
			<Option target="libquickjs" />
			<Option target="mod_uv" />
			<Option target="mod_sqlite" />
			<Option target="DebugCoreOnly" />
		</Unit>
		<Unit filename="include/uv/unix.h">
			<Option target="Debug" />
			<Option target="Release" />
			<Option target="libuv" />
			<Option target="libquickjs" />
			<Option target="mod_uv" />
			<Option target="mod_sqlite" />
			<Option target="DebugCoreOnly" />
		</Unit>
		<Unit filename="include/uv/version.h">
			<Option target="Debug" />
			<Option target="Release" />
			<Option target="libuv" />
			<Option target="libquickjs" />
			<Option target="mod_uv" />
			<Option target="mod_sqlite" />
			<Option target="DebugCoreOnly" />
		</Unit>
		<Unit filename="include/uv/win.h">
			<Option target="Debug" />
			<Option target="Release" />
			<Option target="libuv" />
			<Option target="libquickjs" />
			<Option target="mod_uv" />
			<Option target="mod_sqlite" />
			<Option target="DebugCoreOnly" />
		</Unit>
		<Unit filename="src/Modules/Window.hpp">
			<Option target="Debug" />
		</Unit>
		<Unit filename="src/Modules/mod_sqlite.cpp">
			<Option target="mod_sqlite" />
			<Option target="Debug" />
		</Unit>
		<Unit filename="src/Modules/mod_sqlite.h">
			<Option target="mod_sqlite" />
			<Option target="Debug" />
		</Unit>
		<Unit filename="src/Modules/mod_uv.cpp">
			<Option target="mod_uv" />
			<Option target="Debug" />
		</Unit>
		<Unit filename="src/Modules/mod_uv.h">
			<Option target="mod_uv" />
			<Option target="Debug" />
		</Unit>
		<Unit filename="src/Timer.cpp">
			<Option target="Debug" />
			<Option target="Release" />
		</Unit>
		<Unit filename="src/glcorearb.c">
			<Option compilerVar="CC" />
			<Option target="Debug" />
			<Option target="Release" />
		</Unit>
		<Unit filename="src/main.cpp">
			<Option target="Debug" />
			<Option target="Release" />
			<Option target="DebugCoreOnly" />
		</Unit>
		<Unit filename="src/quickjs/cutils.c">
			<Option compilerVar="CC" />
			<Option target="libquickjs" />
			<Option target="Debug" />
			<Option target="DebugCoreOnly" />
		</Unit>
		<Unit filename="src/quickjs/libbf.c">
			<Option compilerVar="CC" />
			<Option target="libquickjs" />
			<Option target="Debug" />
			<Option target="DebugCoreOnly" />
		</Unit>
		<Unit filename="src/quickjs/libregexp.c">
			<Option compilerVar="CC" />
			<Option target="libquickjs" />
			<Option target="Debug" />
			<Option target="DebugCoreOnly" />
		</Unit>
		<Unit filename="src/quickjs/libunicode.c">
			<Option compilerVar="CC" />
			<Option target="libquickjs" />
			<Option target="Debug" />
			<Option target="DebugCoreOnly" />
		</Unit>
		<Unit filename="src/quickjs/quickjs-libc.c">
			<Option compilerVar="CC" />
			<Option target="libquickjs" />
			<Option target="Debug" />
			<Option target="DebugCoreOnly" />
		</Unit>
		<Unit filename="src/quickjs/quickjs.c">
			<Option compilerVar="CC" />
			<Option target="libquickjs" />
			<Option target="Debug" />
			<Option target="DebugCoreOnly" />
		</Unit>
		<Unit filename="src/sqlite/alter.c">
			<Option compilerVar="CC" />
			<Option target="libsqlite" />
			<Option target="Debug" />
		</Unit>
		<Unit filename="src/sqlite/attach.c">
			<Option compilerVar="CC" />
			<Option target="libsqlite" />
			<Option target="Debug" />
		</Unit>
		<Unit filename="src/sqlite/backup.c">
			<Option compilerVar="CC" />
			<Option target="libsqlite" />
			<Option target="Debug" />
		</Unit>
		<Unit filename="src/sqlite/bitvec.c">
			<Option compilerVar="CC" />
			<Option target="libsqlite" />
			<Option target="Debug" />
		</Unit>
		<Unit filename="src/sqlite/btmutex.c">
			<Option compilerVar="CC" />
			<Option target="libsqlite" />
			<Option target="Debug" />
		</Unit>
		<Unit filename="src/sqlite/btree.c">
			<Option compilerVar="CC" />
			<Option target="libsqlite" />
			<Option target="Debug" />
		</Unit>
		<Unit filename="src/sqlite/btree.h">
			<Option target="Debug" />
			<Option target="Release" />
			<Option target="libsqlite" />
		</Unit>
		<Unit filename="src/sqlite/btreeInt.h">
			<Option target="Debug" />
			<Option target="Release" />
			<Option target="libsqlite" />
		</Unit>
		<Unit filename="src/sqlite/build.c">
			<Option compilerVar="CC" />
			<Option target="libsqlite" />
			<Option target="Debug" />
		</Unit>
		<Unit filename="src/sqlite/callback.c">
			<Option compilerVar="CC" />
			<Option target="libsqlite" />
			<Option target="Debug" />
		</Unit>
		<Unit filename="src/sqlite/complete.c">
			<Option compilerVar="CC" />
			<Option target="libsqlite" />
			<Option target="Debug" />
		</Unit>
		<Unit filename="src/sqlite/ctime.c">
			<Option compilerVar="CC" />
			<Option target="libsqlite" />
			<Option target="Debug" />
		</Unit>
		<Unit filename="src/sqlite/date.c">
			<Option compilerVar="CC" />
			<Option target="libsqlite" />
			<Option target="Debug" />
		</Unit>
		<Unit filename="src/sqlite/dbpage.c">
			<Option compilerVar="CC" />
			<Option target="libsqlite" />
			<Option target="Debug" />
		</Unit>
		<Unit filename="src/sqlite/dbstat.c">
			<Option compilerVar="CC" />
			<Option target="libsqlite" />
			<Option target="Debug" />
		</Unit>
		<Unit filename="src/sqlite/delete.c">
			<Option compilerVar="CC" />
			<Option target="libsqlite" />
			<Option target="Debug" />
		</Unit>
		<Unit filename="src/sqlite/expr.c">
			<Option compilerVar="CC" />
			<Option target="libsqlite" />
			<Option target="Debug" />
		</Unit>
		<Unit filename="src/sqlite/fault.c">
			<Option compilerVar="CC" />
			<Option target="libsqlite" />
			<Option target="Debug" />
		</Unit>
		<Unit filename="src/sqlite/fkey.c">
			<Option compilerVar="CC" />
			<Option target="libsqlite" />
			<Option target="Debug" />
		</Unit>
		<Unit filename="src/sqlite/func.c">
			<Option compilerVar="CC" />
			<Option target="libsqlite" />
			<Option target="Debug" />
		</Unit>
		<Unit filename="src/sqlite/global.c">
			<Option compilerVar="CC" />
			<Option target="libsqlite" />
			<Option target="Debug" />
		</Unit>
		<Unit filename="src/sqlite/hash.c">
			<Option compilerVar="CC" />
			<Option target="libsqlite" />
			<Option target="Debug" />
		</Unit>
		<Unit filename="src/sqlite/hash.h">
			<Option target="Debug" />
			<Option target="Release" />
			<Option target="libsqlite" />
		</Unit>
		<Unit filename="src/sqlite/hwtime.h">
			<Option target="Debug" />
			<Option target="Release" />
			<Option target="libsqlite" />
		</Unit>
		<Unit filename="src/sqlite/insert.c">
			<Option compilerVar="CC" />
			<Option target="libsqlite" />
			<Option target="Debug" />
		</Unit>
		<Unit filename="src/sqlite/keywordhash.h">
			<Option target="libsqlite" />
			<Option target="Debug" />
		</Unit>
		<Unit filename="src/sqlite/legacy.c">
			<Option compilerVar="CC" />
			<Option target="libsqlite" />
			<Option target="Debug" />
		</Unit>
		<Unit filename="src/sqlite/main.c">
			<Option compilerVar="CC" />
			<Option target="libsqlite" />
			<Option target="Debug" />
		</Unit>
		<Unit filename="src/sqlite/malloc.c">
			<Option compilerVar="CC" />
			<Option target="libsqlite" />
			<Option target="Debug" />
		</Unit>
		<Unit filename="src/sqlite/mem0.c">
			<Option compilerVar="CC" />
			<Option target="libsqlite" />
			<Option target="Debug" />
		</Unit>
		<Unit filename="src/sqlite/mem1.c">
			<Option compilerVar="CC" />
			<Option target="libsqlite" />
			<Option target="Debug" />
		</Unit>
		<Unit filename="src/sqlite/mem2.c">
			<Option compilerVar="CC" />
			<Option target="libsqlite" />
			<Option target="Debug" />
		</Unit>
		<Unit filename="src/sqlite/mem3.c">
			<Option compilerVar="CC" />
			<Option target="libsqlite" />
			<Option target="Debug" />
		</Unit>
		<Unit filename="src/sqlite/mem5.c">
			<Option compilerVar="CC" />
			<Option target="libsqlite" />
			<Option target="Debug" />
		</Unit>
		<Unit filename="src/sqlite/memdb.c">
			<Option compilerVar="CC" />
			<Option target="libsqlite" />
			<Option target="Debug" />
		</Unit>
		<Unit filename="src/sqlite/memjournal.c">
			<Option compilerVar="CC" />
			<Option target="libsqlite" />
			<Option target="Debug" />
		</Unit>
		<Unit filename="src/sqlite/msvc.h">
			<Option target="Debug" />
			<Option target="Release" />
			<Option target="libsqlite" />
		</Unit>
		<Unit filename="src/sqlite/mutex.c">
			<Option compilerVar="CC" />
			<Option target="libsqlite" />
			<Option target="Debug" />
		</Unit>
		<Unit filename="src/sqlite/mutex.h">
			<Option target="Debug" />
			<Option target="Release" />
			<Option target="libsqlite" />
		</Unit>
		<Unit filename="src/sqlite/mutex_noop.c">
			<Option compilerVar="CC" />
			<Option target="libsqlite" />
			<Option target="Debug" />
		</Unit>
		<Unit filename="src/sqlite/notify.c">
			<Option compilerVar="CC" />
			<Option target="libsqlite" />
			<Option target="Debug" />
		</Unit>
		<Unit filename="src/sqlite/opcodes.c">
			<Option compilerVar="CC" />
			<Option target="libsqlite" />
			<Option target="Debug" />
		</Unit>
		<Unit filename="src/sqlite/opcodes.h">
			<Option target="libsqlite" />
			<Option target="Debug" />
		</Unit>
		<Unit filename="src/sqlite/os.c">
			<Option compilerVar="CC" />
			<Option target="libsqlite" />
			<Option target="Debug" />
		</Unit>
		<Unit filename="src/sqlite/os.h">
			<Option target="Debug" />
			<Option target="Release" />
			<Option target="libsqlite" />
		</Unit>
		<Unit filename="src/sqlite/os_common.h">
			<Option target="Debug" />
			<Option target="Release" />
			<Option target="libsqlite" />
		</Unit>
		<Unit filename="src/sqlite/os_kv.c">
			<Option compilerVar="CC" />
			<Option target="libsqlite" />
			<Option target="Debug" />
		</Unit>
		<Unit filename="src/sqlite/os_setup.h">
			<Option target="Debug" />
			<Option target="Release" />
			<Option target="libsqlite" />
		</Unit>
		<Unit filename="src/sqlite/os_unix.c">
			<Option compilerVar="CC" />
			<Option target="libsqlite" />
			<Option target="Debug" />
		</Unit>
		<Unit filename="src/sqlite/os_win.c">
			<Option compilerVar="CC" />
			<Option target="libsqlite" />
			<Option target="Debug" />
		</Unit>
		<Unit filename="src/sqlite/os_win.h">
			<Option target="Debug" />
			<Option target="Release" />
			<Option target="libsqlite" />
		</Unit>
		<Unit filename="src/sqlite/pager.c">
			<Option compilerVar="CC" />
			<Option target="libsqlite" />
			<Option target="Debug" />
		</Unit>
		<Unit filename="src/sqlite/pager.h">
			<Option target="Debug" />
			<Option target="Release" />
			<Option target="libsqlite" />
		</Unit>
		<Unit filename="src/sqlite/parse.c">
			<Option compilerVar="CC" />
			<Option target="libsqlite" />
			<Option target="Debug" />
		</Unit>
		<Unit filename="src/sqlite/parse.h">
			<Option target="libsqlite" />
			<Option target="Debug" />
		</Unit>
		<Unit filename="src/sqlite/pcache.c">
			<Option compilerVar="CC" />
			<Option target="libsqlite" />
			<Option target="Debug" />
		</Unit>
		<Unit filename="src/sqlite/pcache.h">
			<Option target="Debug" />
			<Option target="Release" />
			<Option target="libsqlite" />
		</Unit>
		<Unit filename="src/sqlite/pcache1.c">
			<Option compilerVar="CC" />
			<Option target="libsqlite" />
			<Option target="Debug" />
		</Unit>
		<Unit filename="src/sqlite/pragma.c">
			<Option compilerVar="CC" />
			<Option target="libsqlite" />
			<Option target="Debug" />
		</Unit>
		<Unit filename="src/sqlite/pragma.h">
			<Option target="Debug" />
			<Option target="Release" />
			<Option target="libsqlite" />
		</Unit>
		<Unit filename="src/sqlite/prepare.c">
			<Option compilerVar="CC" />
			<Option target="libsqlite" />
			<Option target="Debug" />
		</Unit>
		<Unit filename="src/sqlite/printf.c">
			<Option compilerVar="CC" />
			<Option target="libsqlite" />
			<Option target="Debug" />
		</Unit>
		<Unit filename="src/sqlite/random.c">
			<Option compilerVar="CC" />
			<Option target="libsqlite" />
			<Option target="Debug" />
		</Unit>
		<Unit filename="src/sqlite/resolve.c">
			<Option compilerVar="CC" />
			<Option target="libsqlite" />
			<Option target="Debug" />
		</Unit>
		<Unit filename="src/sqlite/rowset.c">
			<Option compilerVar="CC" />
			<Option target="libsqlite" />
			<Option target="Debug" />
		</Unit>
		<Unit filename="src/sqlite/select.c">
			<Option compilerVar="CC" />
			<Option target="libsqlite" />
			<Option target="Debug" />
		</Unit>
		<Unit filename="src/sqlite/sqlite3.h">
			<Option target="Debug" />
			<Option target="Release" />
			<Option target="libsqlite" />
		</Unit>
		<Unit filename="src/sqlite/sqliteInt.h">
			<Option target="Debug" />
			<Option target="Release" />
			<Option target="libsqlite" />
		</Unit>
		<Unit filename="src/sqlite/sqliteLimit.h">
			<Option target="Debug" />
			<Option target="Release" />
			<Option target="libsqlite" />
		</Unit>
		<Unit filename="src/sqlite/sqlite_cfg.h">
			<Option target="libsqlite" />
			<Option target="Debug" />
		</Unit>
		<Unit filename="src/sqlite/status.c">
			<Option compilerVar="CC" />
			<Option target="libsqlite" />
			<Option target="Debug" />
		</Unit>
		<Unit filename="src/sqlite/table.c">
			<Option compilerVar="CC" />
			<Option target="libsqlite" />
			<Option target="Debug" />
		</Unit>
		<Unit filename="src/sqlite/tokenize.c">
			<Option compilerVar="CC" />
			<Option target="libsqlite" />
			<Option target="Debug" />
		</Unit>
		<Unit filename="src/sqlite/treeview.c">
			<Option compilerVar="CC" />
			<Option target="libsqlite" />
			<Option target="Debug" />
		</Unit>
		<Unit filename="src/sqlite/trigger.c">
			<Option compilerVar="CC" />
			<Option target="libsqlite" />
			<Option target="Debug" />
		</Unit>
		<Unit filename="src/sqlite/update.c">
			<Option compilerVar="CC" />
			<Option target="libsqlite" />
			<Option target="Debug" />
		</Unit>
		<Unit filename="src/sqlite/upsert.c">
			<Option compilerVar="CC" />
			<Option target="libsqlite" />
			<Option target="Debug" />
		</Unit>
		<Unit filename="src/sqlite/utf.c">
			<Option compilerVar="CC" />
			<Option target="libsqlite" />
			<Option target="Debug" />
		</Unit>
		<Unit filename="src/sqlite/util.c">
			<Option compilerVar="CC" />
			<Option target="libsqlite" />
			<Option target="Debug" />
		</Unit>
		<Unit filename="src/sqlite/vacuum.c">
			<Option compilerVar="CC" />
			<Option target="libsqlite" />
			<Option target="Debug" />
		</Unit>
		<Unit filename="src/sqlite/vdbe.c">
			<Option compilerVar="CC" />
			<Option target="libsqlite" />
			<Option target="Debug" />
		</Unit>
		<Unit filename="src/sqlite/vdbe.h">
			<Option target="Debug" />
			<Option target="Release" />
			<Option target="libsqlite" />
		</Unit>
		<Unit filename="src/sqlite/vdbeInt.h">
			<Option target="Debug" />
			<Option target="Release" />
			<Option target="libsqlite" />
		</Unit>
		<Unit filename="src/sqlite/vdbeapi.c">
			<Option compilerVar="CC" />
			<Option target="libsqlite" />
			<Option target="Debug" />
		</Unit>
		<Unit filename="src/sqlite/vdbeaux.c">
			<Option compilerVar="CC" />
			<Option target="libsqlite" />
			<Option target="Debug" />
		</Unit>
		<Unit filename="src/sqlite/vdbeblob.c">
			<Option compilerVar="CC" />
			<Option target="libsqlite" />
			<Option target="Debug" />
		</Unit>
		<Unit filename="src/sqlite/vdbemem.c">
			<Option compilerVar="CC" />
			<Option target="libsqlite" />
			<Option target="Debug" />
		</Unit>
		<Unit filename="src/sqlite/vdbesort.c">
			<Option compilerVar="CC" />
			<Option target="libsqlite" />
			<Option target="Debug" />
		</Unit>
		<Unit filename="src/sqlite/vdbetrace.c">
			<Option compilerVar="CC" />
			<Option target="libsqlite" />
			<Option target="Debug" />
		</Unit>
		<Unit filename="src/sqlite/vdbevtab.c">
			<Option compilerVar="CC" />
			<Option target="libsqlite" />
			<Option target="Debug" />
		</Unit>
		<Unit filename="src/sqlite/vtab.c">
			<Option compilerVar="CC" />
			<Option target="libsqlite" />
			<Option target="Debug" />
		</Unit>
		<Unit filename="src/sqlite/vxworks.h">
			<Option target="Debug" />
			<Option target="Release" />
			<Option target="libsqlite" />
		</Unit>
		<Unit filename="src/sqlite/wal.c">
			<Option compilerVar="CC" />
			<Option target="libsqlite" />
			<Option target="Debug" />
		</Unit>
		<Unit filename="src/sqlite/wal.h">
			<Option target="Debug" />
			<Option target="Release" />
			<Option target="libsqlite" />
		</Unit>
		<Unit filename="src/sqlite/walker.c">
			<Option compilerVar="CC" />
			<Option target="libsqlite" />
			<Option target="Debug" />
		</Unit>
		<Unit filename="src/sqlite/where.c">
			<Option compilerVar="CC" />
			<Option target="libsqlite" />
			<Option target="Debug" />
		</Unit>
		<Unit filename="src/sqlite/whereInt.h">
			<Option target="Debug" />
			<Option target="Release" />
			<Option target="libsqlite" />
		</Unit>
		<Unit filename="src/sqlite/wherecode.c">
			<Option compilerVar="CC" />
			<Option target="libsqlite" />
			<Option target="Debug" />
		</Unit>
		<Unit filename="src/sqlite/whereexpr.c">
			<Option compilerVar="CC" />
			<Option target="libsqlite" />
			<Option target="Debug" />
		</Unit>
		<Unit filename="src/sqlite/window.c">
			<Option compilerVar="CC" />
			<Option target="libsqlite" />
			<Option target="Debug" />
		</Unit>
		<Unit filename="src/uv/fs-poll.c">
			<Option compilerVar="CC" />
			<Option target="libuv" />
			<Option target="Debug" />
			<Option target="DebugCoreOnly" />
		</Unit>
		<Unit filename="src/uv/idna.c">
			<Option compilerVar="CC" />
			<Option target="libuv" />
			<Option target="Debug" />
			<Option target="DebugCoreOnly" />
		</Unit>
		<Unit filename="src/uv/inet.c">
			<Option compilerVar="CC" />
			<Option target="libuv" />
			<Option target="Debug" />
			<Option target="DebugCoreOnly" />
		</Unit>
		<Unit filename="src/uv/strscpy.c">
			<Option compilerVar="CC" />
			<Option target="libuv" />
			<Option target="Debug" />
			<Option target="DebugCoreOnly" />
		</Unit>
		<Unit filename="src/uv/strtok.c">
			<Option compilerVar="CC" />
			<Option target="libuv" />
			<Option target="Debug" />
			<Option target="DebugCoreOnly" />
		</Unit>
		<Unit filename="src/uv/threadpool.c">
			<Option compilerVar="CC" />
			<Option target="libuv" />
			<Option target="Debug" />
			<Option target="DebugCoreOnly" />
		</Unit>
		<Unit filename="src/uv/timer.c">
			<Option compilerVar="CC" />
			<Option target="libuv" />
			<Option target="Debug" />
			<Option target="DebugCoreOnly" />
		</Unit>
		<Unit filename="src/uv/unix/async.c">
			<Option compilerVar="CC" />
			<Option target="libuv" />
			<Option target="Debug" />
			<Option target="DebugCoreOnly" />
		</Unit>
		<Unit filename="src/uv/unix/atomic-ops.h">
			<Option target="libuv" />
			<Option target="Debug" />
			<Option target="DebugCoreOnly" />
		</Unit>
		<Unit filename="src/uv/unix/core.c">
			<Option compilerVar="CC" />
			<Option target="libuv" />
			<Option target="Debug" />
			<Option target="DebugCoreOnly" />
		</Unit>
		<Unit filename="src/uv/unix/dl.c">
			<Option compilerVar="CC" />
			<Option target="libuv" />
			<Option target="Debug" />
			<Option target="DebugCoreOnly" />
		</Unit>
		<Unit filename="src/uv/unix/epoll.c">
			<Option compilerVar="CC" />
			<Option target="libuv" />
			<Option target="Debug" />
			<Option target="DebugCoreOnly" />
		</Unit>
		<Unit filename="src/uv/unix/fs.c">
			<Option compilerVar="CC" />
			<Option target="libuv" />
			<Option target="Debug" />
			<Option target="DebugCoreOnly" />
		</Unit>
		<Unit filename="src/uv/unix/fsevents.c">
			<Option compilerVar="CC" />
			<Option target="libuv" />
			<Option target="Debug" />
			<Option target="DebugCoreOnly" />
		</Unit>
		<Unit filename="src/uv/unix/internal.h">
			<Option target="libuv" />
			<Option target="Debug" />
			<Option target="DebugCoreOnly" />
		</Unit>
		<Unit filename="src/uv/unix/linux-core.c">
			<Option compilerVar="CC" />
			<Option target="libuv" />
			<Option target="Debug" />
			<Option target="DebugCoreOnly" />
		</Unit>
		<Unit filename="src/uv/unix/linux-inotify.c">
			<Option compilerVar="CC" />
			<Option target="libuv" />
			<Option target="Debug" />
			<Option target="DebugCoreOnly" />
		</Unit>
		<Unit filename="src/uv/unix/linux-syscalls.c">
			<Option compilerVar="CC" />
			<Option target="libuv" />
			<Option target="Debug" />
			<Option target="DebugCoreOnly" />
		</Unit>
		<Unit filename="src/uv/unix/linux-syscalls.h">
			<Option target="libuv" />
			<Option target="Debug" />
			<Option target="DebugCoreOnly" />
		</Unit>
		<Unit filename="src/uv/unix/loop-watcher.c">
			<Option compilerVar="CC" />
			<Option target="libuv" />
			<Option target="Debug" />
			<Option target="DebugCoreOnly" />
		</Unit>
		<Unit filename="src/uv/unix/loop.c">
			<Option compilerVar="CC" />
			<Option target="libuv" />
			<Option target="Debug" />
			<Option target="DebugCoreOnly" />
		</Unit>
		<Unit filename="src/uv/unix/pipe.c">
			<Option compilerVar="CC" />
			<Option target="libuv" />
			<Option target="Debug" />
			<Option target="DebugCoreOnly" />
		</Unit>
		<Unit filename="src/uv/unix/poll.c">
			<Option compilerVar="CC" />
			<Option target="libuv" />
			<Option target="Debug" />
			<Option target="DebugCoreOnly" />
		</Unit>
		<Unit filename="src/uv/unix/process.c">
			<Option compilerVar="CC" />
			<Option target="libuv" />
			<Option target="Debug" />
			<Option target="DebugCoreOnly" />
		</Unit>
		<Unit filename="src/uv/unix/procfs-exepath.c">
			<Option compilerVar="CC" />
			<Option target="libuv" />
			<Option target="Debug" />
			<Option target="DebugCoreOnly" />
		</Unit>
		<Unit filename="src/uv/unix/proctitle.c">
			<Option compilerVar="CC" />
			<Option target="libuv" />
			<Option target="Debug" />
			<Option target="DebugCoreOnly" />
		</Unit>
		<Unit filename="src/uv/unix/pthread-fixes.c">
			<Option compilerVar="CC" />
			<Option target="libuv" />
			<Option target="Debug" />
			<Option target="DebugCoreOnly" />
		</Unit>
		<Unit filename="src/uv/unix/signal.c">
			<Option compilerVar="CC" />
			<Option target="libuv" />
			<Option target="Debug" />
			<Option target="DebugCoreOnly" />
		</Unit>
		<Unit filename="src/uv/unix/spinlock.h">
			<Option target="libuv" />
			<Option target="Debug" />
			<Option target="DebugCoreOnly" />
		</Unit>
		<Unit filename="src/uv/unix/stream.c">
			<Option compilerVar="CC" />
			<Option target="libuv" />
			<Option target="Debug" />
			<Option target="DebugCoreOnly" />
		</Unit>
		<Unit filename="src/uv/unix/tcp.c">
			<Option compilerVar="CC" />
			<Option target="libuv" />
			<Option target="Debug" />
			<Option target="DebugCoreOnly" />
		</Unit>
		<Unit filename="src/uv/unix/thread.c">
			<Option compilerVar="CC" />
			<Option target="libuv" />
			<Option target="Debug" />
			<Option target="DebugCoreOnly" />
		</Unit>
		<Unit filename="src/uv/unix/udp.c">
			<Option compilerVar="CC" />
			<Option target="libuv" />
			<Option target="Debug" />
			<Option target="DebugCoreOnly" />
		</Unit>
		<Unit filename="src/uv/uv-common.c">
			<Option compilerVar="CC" />
			<Option target="libuv" />
			<Option target="Debug" />
			<Option target="DebugCoreOnly" />
		</Unit>
		<Unit filename="src/uv/uv-data-getter-setters.c">
			<Option compilerVar="CC" />
			<Option target="libuv" />
			<Option target="Debug" />
			<Option target="DebugCoreOnly" />
		</Unit>
		<Unit filename="src/uv/version.c">
			<Option compilerVar="CC" />
			<Option target="libuv" />
			<Option target="Debug" />
			<Option target="DebugCoreOnly" />
		</Unit>
		<Unit filename="src/uv/win/atomicops-inl.h">
			<Option target="libuv" />
			<Option target="Debug" />
			<Option target="DebugCoreOnly" />
		</Unit>
		<Unit filename="src/uv/win/fs-fd-hash-inl.h">
			<Option target="libuv" />
			<Option target="Debug" />
			<Option target="DebugCoreOnly" />
		</Unit>
		<Unit filename="src/uv/win/handle-inl.h">
			<Option target="libuv" />
			<Option target="Debug" />
			<Option target="DebugCoreOnly" />
		</Unit>
		<Unit filename="src/uv/win/internal.h">
			<Option target="libuv" />
			<Option target="Debug" />
			<Option target="DebugCoreOnly" />
		</Unit>
		<Unit filename="src/uv/win/req-inl.h">
			<Option target="libuv" />
			<Option target="Debug" />
			<Option target="DebugCoreOnly" />
		</Unit>
		<Unit filename="src/uv/win/stream-inl.h">
			<Option target="libuv" />
			<Option target="Debug" />
			<Option target="DebugCoreOnly" />
		</Unit>
		<Unit filename="src/uv/win/winapi.h">
			<Option target="libuv" />
			<Option target="Debug" />
			<Option target="DebugCoreOnly" />
		</Unit>
		<Unit filename="src/uv/win/winsock.h">
			<Option target="libuv" />
			<Option target="Debug" />
			<Option target="DebugCoreOnly" />
		</Unit>
		<Extensions>
			<lib_finder disable_auto="1" />
		</Extensions>
	</Project>
</CodeBlocks_project_file>
